
Microsoft Visual Studio Solution File, Format Version 12.00
# Visual Studio Version 17
VisualStudioVersion = 17.0.31825.309
MinimumVisualStudioVersion = 10.0.40219.1
Project("{9A19103F-16F7-4668-BE54-9A1E7A4F7556}") = "aoc2021", "aoc2021\aoc2021.csproj", "{4567E8E4-D873-4C0B-868C-A27A08136D59}"
EndProject
Project("{FAE04EC0-301F-11D3-BF4B-00C04F79EFBC}") = "aoc2022", "aoc2022\aoc2022.csproj", "{6B93E697-7E63-4A45-BB96-BBD335BF4CB2}"
EndProject
Project("{FAE04EC0-301F-11D3-BF4B-00C04F79EFBC}") = "common", "common\common.csproj", "{31F4F598-D5A1-4D25-870E-338DBF195E32}"
EndProject
Global
	GlobalSection(SolutionConfigurationPlatforms) = preSolution
		Debug|Any CPU = Debug|Any CPU
		Release|Any CPU = Release|Any CPU
	EndGlobalSection
	GlobalSection(ProjectConfigurationPlatforms) = postSolution
		{4567E8E4-D873-4C0B-868C-A27A08136D59}.Debug|Any CPU.ActiveCfg = Debug|Any CPU
		{4567E8E4-D873-4C0B-868C-A27A08136D59}.Debug|Any CPU.Build.0 = Debug|Any CPU
		{4567E8E4-D873-4C0B-868C-A27A08136D59}.Release|Any CPU.ActiveCfg = Release|Any CPU
		{4567E8E4-D873-4C0B-868C-A27A08136D59}.Release|Any CPU.Build.0 = Release|Any CPU
		{6B93E697-7E63-4A45-BB96-BBD335BF4CB2}.Debug|Any CPU.ActiveCfg = Debug|Any CPU
		{6B93E697-7E63-4A45-BB96-BBD335BF4CB2}.Debug|Any CPU.Build.0 = Debug|Any CPU
		{6B93E697-7E63-4A45-BB96-BBD335BF4CB2}.Release|Any CPU.ActiveCfg = Release|Any CPU
		{6B93E697-7E63-4A45-BB96-BBD335BF4CB2}.Release|Any CPU.Build.0 = Release|Any CPU
		{31F4F598-D5A1-4D25-870E-338DBF195E32}.Debug|Any CPU.ActiveCfg = Debug|Any CPU
		{31F4F598-D5A1-4D25-870E-338DBF195E32}.Debug|Any CPU.Build.0 = Debug|Any CPU
		{31F4F598-D5A1-4D25-870E-338DBF195E32}.Release|Any CPU.ActiveCfg = Release|Any CPU
		{31F4F598-D5A1-4D25-870E-338DBF195E32}.Release|Any CPU.Build.0 = Release|Any CPU
	EndGlobalSection
	GlobalSection(SolutionProperties) = preSolution
		HideSolutionNode = FALSE
	EndGlobalSection
	GlobalSection(ExtensibilityGlobals) = postSolution
		SolutionGuid = {D443B718-60F8-47AD-884B-3C9BF66443FB}
	EndGlobalSection
EndGlobal
